
Microsoft Visual Studio Solution File, Format Version 12.00
# Visual Studio Version 17
VisualStudioVersion = 17.7.34202.233
MinimumVisualStudioVersion = 10.0.40219.1
Project("{FAE04EC0-301F-11D3-BF4B-00C04F79EFBC}") = "FoodApplication", "FoodApplication\FoodApplication.csproj", "{374EED16-032D-4CAE-9146-D2E52E801F5A}"
EndProject
Global
	GlobalSection(SolutionConfigurationPlatforms) = preSolution
		Debug|Any CPU = Debug|Any CPU
		Release|Any CPU = Release|Any CPU
	EndGlobalSection
	GlobalSection(ProjectConfigurationPlatforms) = postSolution
		{374EED16-032D-4CAE-9146-D2E52E801F5A}.Debug|Any CPU.ActiveCfg = Debug|Any CPU
		{374EED16-032D-4CAE-9146-D2E52E801F5A}.Debug|Any CPU.Build.0 = Debug|Any CPU
		{374EED16-032D-4CAE-9146-D2E52E801F5A}.Release|Any CPU.ActiveCfg = Release|Any CPU
		{374EED16-032D-4CAE-9146-D2E52E801F5A}.Release|Any CPU.Build.0 = Release|Any CPU
	EndGlobalSection
	GlobalSection(SolutionProperties) = preSolution
		HideSolutionNode = FALSE
	EndGlobalSection
	GlobalSection(ExtensibilityGlobals) = postSolution
		SolutionGuid = {62341E6F-8E00-41F3-B153-C6D55398782E}
	EndGlobalSection
EndGlobal
